
Microsoft Visual Studio Solution File, Format Version 12.00
# Visual Studio 2010
Project("{FAE04EC0-301F-11D3-BF4B-00C04F79EFBC}") = "4(1)", "4(1)\4(1)\4(1).csproj", "{66D6A8CC-1CD6-4464-83D2-83AAD3238026}"
EndProject
Project("{FAE04EC0-301F-11D3-BF4B-00C04F79EFBC}") = "4(1)Content", "4(1)\4(1)Content\4(1)Content.contentproj", "{ECF93204-CE10-48B0-BF50-F23436A641C8}"
EndProject
Project("{FAE04EC0-301F-11D3-BF4B-00C04F79EFBC}") = "Hauptfenster", "Hauptfenster\Hauptfenster.csproj", "{4C294407-CF70-4BF7-814B-9E688786B4B8}"
EndProject
Project("{FAE04EC0-301F-11D3-BF4B-00C04F79EFBC}") = "Upload", "Upload\Upload.csproj", "{CE1ACFEE-63C2-4513-9ED6-71BCA685F457}"
EndProject
Project("{FAE04EC0-301F-11D3-BF4B-00C04F79EFBC}") = "ReaderStream", "ReaderStream\ReaderStream.csproj", "{6F0205DE-09D2-4807-8CB8-31821D73DA67}"
EndProject
Project("{FAE04EC0-301F-11D3-BF4B-00C04F79EFBC}") = "Update", "Update\Update.csproj", "{6948DF57-47C0-40C5-918A-4337EAC75423}"
EndProject
Project("{FAE04EC0-301F-11D3-BF4B-00C04F79EFBC}") = "Minesweeper", "Minesweeper\Minesweeper\Minesweeper.csproj", "{DC0EDF0F-1131-46C1-9F02-0ADDE4274B88}"
EndProject
Project("{FAE04EC0-301F-11D3-BF4B-00C04F79EFBC}") = "Statistik", "Statistik\statistik\Statistik.csproj", "{958095C4-48D9-4AC0-9627-85E353FC7645}"
EndProject
Project("{FAE04EC0-301F-11D3-BF4B-00C04F79EFBC}") = "targeting", "targeting\targeting\targeting\targeting.csproj", "{5FA39EFD-2205-465F-B8E2-8B4CBA6B9F67}"
EndProject
Project("{FAE04EC0-301F-11D3-BF4B-00C04F79EFBC}") = "targetingContent", "targeting\targeting\targetingContent\targetingContent.contentproj", "{8E976F09-514C-4B0F-80E2-E4735A97A5DB}"
EndProject
Project("{2150E333-8FDC-42A3-9474-1A3956D46DE8}") = "Tools", "Tools", "{CA26FDE6-6804-41BF-862C-6B5F408D968A}"
EndProject
Project("{FAE04EC0-301F-11D3-BF4B-00C04F79EFBC}") = "Pranas.ScreenshotCapture", "ScreenshotCapture\Pranas.ScreenshotCapture\Pranas.ScreenshotCapture.csproj", "{7361C8BD-7F0A-4EAA-89D2-954F5F26346B}"
EndProject
Project("{FAE04EC0-301F-11D3-BF4B-00C04F79EFBC}") = "Pranas.ScreenshotCapture.Test", "ScreenshotCapture\Pranas.ScreenshotCapture.Test\Pranas.ScreenshotCapture.Test.csproj", "{CB3579E4-DC88-46B8-9275-98C6A97FBF24}"
EndProject
Project("{2150E333-8FDC-42A3-9474-1A3956D46DE8}") = "ScreenCapture", "ScreenCapture", "{0E198CD0-66D5-41F0-9E93-61360C2B37D1}"
EndProject
Global
	GlobalSection(SolutionConfigurationPlatforms) = preSolution
		Debug|Any CPU = Debug|Any CPU
		Debug|Itanium = Debug|Itanium
		Debug|Mixed Platforms = Debug|Mixed Platforms
		Debug|x64 = Debug|x64
		Debug|x86 = Debug|x86
		Debug|Xbox 360 = Debug|Xbox 360
		Release|Any CPU = Release|Any CPU
		Release|Itanium = Release|Itanium
		Release|Mixed Platforms = Release|Mixed Platforms
		Release|x64 = Release|x64
		Release|x86 = Release|x86
		Release|Xbox 360 = Release|Xbox 360
		Release2|Any CPU = Release2|Any CPU
		Release2|Itanium = Release2|Itanium
		Release2|Mixed Platforms = Release2|Mixed Platforms
		Release2|x64 = Release2|x64
		Release2|x86 = Release2|x86
		Release2|Xbox 360 = Release2|Xbox 360
	EndGlobalSection
	GlobalSection(ProjectConfigurationPlatforms) = postSolution
		{66D6A8CC-1CD6-4464-83D2-83AAD3238026}.Debug|Any CPU.ActiveCfg = Release|x86
		{66D6A8CC-1CD6-4464-83D2-83AAD3238026}.Debug|Any CPU.Build.0 = Release|x86
		{66D6A8CC-1CD6-4464-83D2-83AAD3238026}.Debug|Itanium.ActiveCfg = Debug|x86
		{66D6A8CC-1CD6-4464-83D2-83AAD3238026}.Debug|Itanium.Build.0 = Debug|x86
		{66D6A8CC-1CD6-4464-83D2-83AAD3238026}.Debug|Mixed Platforms.ActiveCfg = Release|x86
		{66D6A8CC-1CD6-4464-83D2-83AAD3238026}.Debug|Mixed Platforms.Build.0 = Release|x86
		{66D6A8CC-1CD6-4464-83D2-83AAD3238026}.Debug|x64.ActiveCfg = Debug|x86
		{66D6A8CC-1CD6-4464-83D2-83AAD3238026}.Debug|x86.ActiveCfg = Release|x86
		{66D6A8CC-1CD6-4464-83D2-83AAD3238026}.Debug|x86.Build.0 = Release|x86
		{66D6A8CC-1CD6-4464-83D2-83AAD3238026}.Debug|Xbox 360.ActiveCfg = Debug|x86
		{66D6A8CC-1CD6-4464-83D2-83AAD3238026}.Debug|Xbox 360.Build.0 = Debug|x86
		{66D6A8CC-1CD6-4464-83D2-83AAD3238026}.Release|Any CPU.ActiveCfg = Release|x86
		{66D6A8CC-1CD6-4464-83D2-83AAD3238026}.Release|Any CPU.Build.0 = Release|x86
		{66D6A8CC-1CD6-4464-83D2-83AAD3238026}.Release|Itanium.ActiveCfg = Release|x86
		{66D6A8CC-1CD6-4464-83D2-83AAD3238026}.Release|Itanium.Build.0 = Release|x86
		{66D6A8CC-1CD6-4464-83D2-83AAD3238026}.Release|Mixed Platforms.ActiveCfg = Release|x86
		{66D6A8CC-1CD6-4464-83D2-83AAD3238026}.Release|Mixed Platforms.Build.0 = Release|x86
		{66D6A8CC-1CD6-4464-83D2-83AAD3238026}.Release|x64.ActiveCfg = Release|x86
		{66D6A8CC-1CD6-4464-83D2-83AAD3238026}.Release|x64.Build.0 = Release|x86
		{66D6A8CC-1CD6-4464-83D2-83AAD3238026}.Release|x86.ActiveCfg = Release|x86
		{66D6A8CC-1CD6-4464-83D2-83AAD3238026}.Release|x86.Build.0 = Release|x86
		{66D6A8CC-1CD6-4464-83D2-83AAD3238026}.Release|Xbox 360.ActiveCfg = Release|x86
		{66D6A8CC-1CD6-4464-83D2-83AAD3238026}.Release|Xbox 360.Build.0 = Release|x86
		{66D6A8CC-1CD6-4464-83D2-83AAD3238026}.Release2|Any CPU.ActiveCfg = Release|x86
		{66D6A8CC-1CD6-4464-83D2-83AAD3238026}.Release2|Any CPU.Build.0 = Release|x86
		{66D6A8CC-1CD6-4464-83D2-83AAD3238026}.Release2|Itanium.ActiveCfg = Release|x86
		{66D6A8CC-1CD6-4464-83D2-83AAD3238026}.Release2|Mixed Platforms.ActiveCfg = Release|x86
		{66D6A8CC-1CD6-4464-83D2-83AAD3238026}.Release2|Mixed Platforms.Build.0 = Release|x86
		{66D6A8CC-1CD6-4464-83D2-83AAD3238026}.Release2|x64.ActiveCfg = Release|x86
		{66D6A8CC-1CD6-4464-83D2-83AAD3238026}.Release2|x64.Build.0 = Release|x86
		{66D6A8CC-1CD6-4464-83D2-83AAD3238026}.Release2|x86.ActiveCfg = Release|x86
		{66D6A8CC-1CD6-4464-83D2-83AAD3238026}.Release2|x86.Build.0 = Release|x86
		{66D6A8CC-1CD6-4464-83D2-83AAD3238026}.Release2|Xbox 360.ActiveCfg = Release|x86
		{ECF93204-CE10-48B0-BF50-F23436A641C8}.Debug|Any CPU.ActiveCfg = Debug|x86
		{ECF93204-CE10-48B0-BF50-F23436A641C8}.Debug|Itanium.ActiveCfg = Debug|x86
		{ECF93204-CE10-48B0-BF50-F23436A641C8}.Debug|Mixed Platforms.ActiveCfg = Debug|x86
		{ECF93204-CE10-48B0-BF50-F23436A641C8}.Debug|x64.ActiveCfg = Debug|x86
		{ECF93204-CE10-48B0-BF50-F23436A641C8}.Debug|x86.ActiveCfg = Debug|x86
		{ECF93204-CE10-48B0-BF50-F23436A641C8}.Debug|Xbox 360.ActiveCfg = Debug|x86
		{ECF93204-CE10-48B0-BF50-F23436A641C8}.Release|Any CPU.ActiveCfg = Release|x86
		{ECF93204-CE10-48B0-BF50-F23436A641C8}.Release|Itanium.ActiveCfg = Release|x86
		{ECF93204-CE10-48B0-BF50-F23436A641C8}.Release|Mixed Platforms.ActiveCfg = Release|x86
		{ECF93204-CE10-48B0-BF50-F23436A641C8}.Release|x64.ActiveCfg = Release|x86
		{ECF93204-CE10-48B0-BF50-F23436A641C8}.Release|x86.ActiveCfg = Release|x86
		{ECF93204-CE10-48B0-BF50-F23436A641C8}.Release|Xbox 360.ActiveCfg = Release|x86
		{ECF93204-CE10-48B0-BF50-F23436A641C8}.Release2|Any CPU.ActiveCfg = Release|x86
		{ECF93204-CE10-48B0-BF50-F23436A641C8}.Release2|Itanium.ActiveCfg = Release|x86
		{ECF93204-CE10-48B0-BF50-F23436A641C8}.Release2|Mixed Platforms.ActiveCfg = Release|x86
		{ECF93204-CE10-48B0-BF50-F23436A641C8}.Release2|x64.ActiveCfg = Release|x86
		{ECF93204-CE10-48B0-BF50-F23436A641C8}.Release2|x86.ActiveCfg = Release|x86
		{ECF93204-CE10-48B0-BF50-F23436A641C8}.Release2|Xbox 360.ActiveCfg = Release|x86
		{4C294407-CF70-4BF7-814B-9E688786B4B8}.Debug|Any CPU.ActiveCfg = Release|Any CPU
		{4C294407-CF70-4BF7-814B-9E688786B4B8}.Debug|Any CPU.Build.0 = Release|Any CPU
		{4C294407-CF70-4BF7-814B-9E688786B4B8}.Debug|Itanium.ActiveCfg = Debug|Any CPU
		{4C294407-CF70-4BF7-814B-9E688786B4B8}.Debug|Itanium.Build.0 = Debug|Any CPU
		{4C294407-CF70-4BF7-814B-9E688786B4B8}.Debug|Mixed Platforms.ActiveCfg = Release|Any CPU
		{4C294407-CF70-4BF7-814B-9E688786B4B8}.Debug|Mixed Platforms.Build.0 = Release|Any CPU
		{4C294407-CF70-4BF7-814B-9E688786B4B8}.Debug|x64.ActiveCfg = Debug|x86
		{4C294407-CF70-4BF7-814B-9E688786B4B8}.Debug|x64.Build.0 = Debug|x86
		{4C294407-CF70-4BF7-814B-9E688786B4B8}.Debug|x86.ActiveCfg = Debug|x86
		{4C294407-CF70-4BF7-814B-9E688786B4B8}.Debug|x86.Build.0 = Debug|x86
		{4C294407-CF70-4BF7-814B-9E688786B4B8}.Debug|Xbox 360.ActiveCfg = Debug|x64
		{4C294407-CF70-4BF7-814B-9E688786B4B8}.Release|Any CPU.ActiveCfg = Release|Any CPU
		{4C294407-CF70-4BF7-814B-9E688786B4B8}.Release|Any CPU.Build.0 = Release|Any CPU
		{4C294407-CF70-4BF7-814B-9E688786B4B8}.Release|Itanium.ActiveCfg = Release|Any CPU
		{4C294407-CF70-4BF7-814B-9E688786B4B8}.Release|Itanium.Build.0 = Release|Any CPU
		{4C294407-CF70-4BF7-814B-9E688786B4B8}.Release|Mixed Platforms.ActiveCfg = Release|Any CPU
		{4C294407-CF70-4BF7-814B-9E688786B4B8}.Release|Mixed Platforms.Build.0 = Release|Any CPU
		{4C294407-CF70-4BF7-814B-9E688786B4B8}.Release|x64.ActiveCfg = Release|Any CPU
		{4C294407-CF70-4BF7-814B-9E688786B4B8}.Release|x64.Build.0 = Release|Any CPU
		{4C294407-CF70-4BF7-814B-9E688786B4B8}.Release|x86.ActiveCfg = Release|x86
		{4C294407-CF70-4BF7-814B-9E688786B4B8}.Release|x86.Build.0 = Release|x86
		{4C294407-CF70-4BF7-814B-9E688786B4B8}.Release|Xbox 360.ActiveCfg = Release|x86
		{4C294407-CF70-4BF7-814B-9E688786B4B8}.Release2|Any CPU.ActiveCfg = Release|Itanium
		{4C294407-CF70-4BF7-814B-9E688786B4B8}.Release2|Any CPU.Build.0 = Release|Itanium
		{4C294407-CF70-4BF7-814B-9E688786B4B8}.Release2|Itanium.ActiveCfg = Release|Itanium
		{4C294407-CF70-4BF7-814B-9E688786B4B8}.Release2|Itanium.Build.0 = Release|Itanium
		{4C294407-CF70-4BF7-814B-9E688786B4B8}.Release2|Mixed Platforms.ActiveCfg = Release|Itanium
		{4C294407-CF70-4BF7-814B-9E688786B4B8}.Release2|Mixed Platforms.Build.0 = Release|Itanium
		{4C294407-CF70-4BF7-814B-9E688786B4B8}.Release2|x64.ActiveCfg = Release|Itanium
		{4C294407-CF70-4BF7-814B-9E688786B4B8}.Release2|x64.Build.0 = Release|Itanium
		{4C294407-CF70-4BF7-814B-9E688786B4B8}.Release2|x86.ActiveCfg = Release|Itanium
		{4C294407-CF70-4BF7-814B-9E688786B4B8}.Release2|Xbox 360.ActiveCfg = Release|Itanium
		{CE1ACFEE-63C2-4513-9ED6-71BCA685F457}.Debug|Any CPU.ActiveCfg = Release|x86
		{CE1ACFEE-63C2-4513-9ED6-71BCA685F457}.Debug|Any CPU.Build.0 = Release|x86
		{CE1ACFEE-63C2-4513-9ED6-71BCA685F457}.Debug|Itanium.ActiveCfg = Debug|x86
		{CE1ACFEE-63C2-4513-9ED6-71BCA685F457}.Debug|Mixed Platforms.ActiveCfg = Release|x86
		{CE1ACFEE-63C2-4513-9ED6-71BCA685F457}.Debug|Mixed Platforms.Build.0 = Release|x86
		{CE1ACFEE-63C2-4513-9ED6-71BCA685F457}.Debug|x64.ActiveCfg = Debug|x86
		{CE1ACFEE-63C2-4513-9ED6-71BCA685F457}.Debug|x86.ActiveCfg = Debug|x86
		{CE1ACFEE-63C2-4513-9ED6-71BCA685F457}.Debug|x86.Build.0 = Debug|x86
		{CE1ACFEE-63C2-4513-9ED6-71BCA685F457}.Debug|Xbox 360.ActiveCfg = Debug|x86
		{CE1ACFEE-63C2-4513-9ED6-71BCA685F457}.Release|Any CPU.ActiveCfg = Release|Any CPU
		{CE1ACFEE-63C2-4513-9ED6-71BCA685F457}.Release|Any CPU.Build.0 = Release|Any CPU
		{CE1ACFEE-63C2-4513-9ED6-71BCA685F457}.Release|Itanium.ActiveCfg = Release|x86
		{CE1ACFEE-63C2-4513-9ED6-71BCA685F457}.Release|Mixed Platforms.ActiveCfg = Release|x86
		{CE1ACFEE-63C2-4513-9ED6-71BCA685F457}.Release|Mixed Platforms.Build.0 = Release|x86
		{CE1ACFEE-63C2-4513-9ED6-71BCA685F457}.Release|x64.ActiveCfg = Release|Any CPU
		{CE1ACFEE-63C2-4513-9ED6-71BCA685F457}.Release|x64.Build.0 = Release|Any CPU
		{CE1ACFEE-63C2-4513-9ED6-71BCA685F457}.Release|x86.ActiveCfg = Release|x86
		{CE1ACFEE-63C2-4513-9ED6-71BCA685F457}.Release|x86.Build.0 = Release|x86
		{CE1ACFEE-63C2-4513-9ED6-71BCA685F457}.Release|Xbox 360.ActiveCfg = Release|x86
		{CE1ACFEE-63C2-4513-9ED6-71BCA685F457}.Release2|Any CPU.ActiveCfg = Release|x86
		{CE1ACFEE-63C2-4513-9ED6-71BCA685F457}.Release2|Any CPU.Build.0 = Release|x86
		{CE1ACFEE-63C2-4513-9ED6-71BCA685F457}.Release2|Itanium.ActiveCfg = Release|x86
		{CE1ACFEE-63C2-4513-9ED6-71BCA685F457}.Release2|Mixed Platforms.ActiveCfg = Release|x86
		{CE1ACFEE-63C2-4513-9ED6-71BCA685F457}.Release2|Mixed Platforms.Build.0 = Release|x86
		{CE1ACFEE-63C2-4513-9ED6-71BCA685F457}.Release2|x64.ActiveCfg = Release|x86
		{CE1ACFEE-63C2-4513-9ED6-71BCA685F457}.Release2|x64.Build.0 = Release|x86
		{CE1ACFEE-63C2-4513-9ED6-71BCA685F457}.Release2|x86.ActiveCfg = Release|x86
		{CE1ACFEE-63C2-4513-9ED6-71BCA685F457}.Release2|x86.Build.0 = Release|x86
		{CE1ACFEE-63C2-4513-9ED6-71BCA685F457}.Release2|Xbox 360.ActiveCfg = Release|x86
		{6F0205DE-09D2-4807-8CB8-31821D73DA67}.Debug|Any CPU.ActiveCfg = Release|Any CPU
		{6F0205DE-09D2-4807-8CB8-31821D73DA67}.Debug|Any CPU.Build.0 = Release|Any CPU
		{6F0205DE-09D2-4807-8CB8-31821D73DA67}.Debug|Itanium.ActiveCfg = Debug|Any CPU
		{6F0205DE-09D2-4807-8CB8-31821D73DA67}.Debug|Mixed Platforms.ActiveCfg = Release|Any CPU
		{6F0205DE-09D2-4807-8CB8-31821D73DA67}.Debug|Mixed Platforms.Build.0 = Release|Any CPU
		{6F0205DE-09D2-4807-8CB8-31821D73DA67}.Debug|x64.ActiveCfg = Debug|Any CPU
		{6F0205DE-09D2-4807-8CB8-31821D73DA67}.Debug|x86.ActiveCfg = Debug|Any CPU
		{6F0205DE-09D2-4807-8CB8-31821D73DA67}.Debug|Xbox 360.ActiveCfg = Debug|Any CPU
		{6F0205DE-09D2-4807-8CB8-31821D73DA67}.Release|Any CPU.ActiveCfg = Release|Any CPU
		{6F0205DE-09D2-4807-8CB8-31821D73DA67}.Release|Any CPU.Build.0 = Release|Any CPU
		{6F0205DE-09D2-4807-8CB8-31821D73DA67}.Release|Itanium.ActiveCfg = Release|Any CPU
		{6F0205DE-09D2-4807-8CB8-31821D73DA67}.Release|Mixed Platforms.ActiveCfg = Release|Any CPU
		{6F0205DE-09D2-4807-8CB8-31821D73DA67}.Release|Mixed Platforms.Build.0 = Release|Any CPU
		{6F0205DE-09D2-4807-8CB8-31821D73DA67}.Release|x64.ActiveCfg = Release|Any CPU
		{6F0205DE-09D2-4807-8CB8-31821D73DA67}.Release|x64.Build.0 = Release|Any CPU
		{6F0205DE-09D2-4807-8CB8-31821D73DA67}.Release|x86.ActiveCfg = Release|Any CPU
		{6F0205DE-09D2-4807-8CB8-31821D73DA67}.Release|Xbox 360.ActiveCfg = Release|Any CPU
		{6F0205DE-09D2-4807-8CB8-31821D73DA67}.Release2|Any CPU.ActiveCfg = Release|Any CPU
		{6F0205DE-09D2-4807-8CB8-31821D73DA67}.Release2|Any CPU.Build.0 = Release|Any CPU
		{6F0205DE-09D2-4807-8CB8-31821D73DA67}.Release2|Itanium.ActiveCfg = Release|Any CPU
		{6F0205DE-09D2-4807-8CB8-31821D73DA67}.Release2|Mixed Platforms.ActiveCfg = Release|Any CPU
		{6F0205DE-09D2-4807-8CB8-31821D73DA67}.Release2|Mixed Platforms.Build.0 = Release|Any CPU
		{6F0205DE-09D2-4807-8CB8-31821D73DA67}.Release2|x64.ActiveCfg = Release|Any CPU
		{6F0205DE-09D2-4807-8CB8-31821D73DA67}.Release2|x64.Build.0 = Release|Any CPU
		{6F0205DE-09D2-4807-8CB8-31821D73DA67}.Release2|x86.ActiveCfg = Release|Any CPU
		{6F0205DE-09D2-4807-8CB8-31821D73DA67}.Release2|Xbox 360.ActiveCfg = Release|Any CPU
		{6948DF57-47C0-40C5-918A-4337EAC75423}.Debug|Any CPU.ActiveCfg = Release|x86
		{6948DF57-47C0-40C5-918A-4337EAC75423}.Debug|Any CPU.Build.0 = Release|x86
		{6948DF57-47C0-40C5-918A-4337EAC75423}.Debug|Itanium.ActiveCfg = Debug|x86
		{6948DF57-47C0-40C5-918A-4337EAC75423}.Debug|Mixed Platforms.ActiveCfg = Release|x86
		{6948DF57-47C0-40C5-918A-4337EAC75423}.Debug|Mixed Platforms.Build.0 = Release|x86
		{6948DF57-47C0-40C5-918A-4337EAC75423}.Debug|x64.ActiveCfg = Debug|x86
		{6948DF57-47C0-40C5-918A-4337EAC75423}.Debug|x86.ActiveCfg = Debug|x86
		{6948DF57-47C0-40C5-918A-4337EAC75423}.Debug|x86.Build.0 = Debug|x86
		{6948DF57-47C0-40C5-918A-4337EAC75423}.Debug|Xbox 360.ActiveCfg = Debug|x86
		{6948DF57-47C0-40C5-918A-4337EAC75423}.Release|Any CPU.ActiveCfg = Release|Any CPU
		{6948DF57-47C0-40C5-918A-4337EAC75423}.Release|Any CPU.Build.0 = Release|Any CPU
		{6948DF57-47C0-40C5-918A-4337EAC75423}.Release|Itanium.ActiveCfg = Release|x86
		{6948DF57-47C0-40C5-918A-4337EAC75423}.Release|Mixed Platforms.ActiveCfg = Release|x86
		{6948DF57-47C0-40C5-918A-4337EAC75423}.Release|Mixed Platforms.Build.0 = Release|x86
		{6948DF57-47C0-40C5-918A-4337EAC75423}.Release|x64.ActiveCfg = Release|Any CPU
		{6948DF57-47C0-40C5-918A-4337EAC75423}.Release|x64.Build.0 = Release|Any CPU
		{6948DF57-47C0-40C5-918A-4337EAC75423}.Release|x86.ActiveCfg = Release|x86
		{6948DF57-47C0-40C5-918A-4337EAC75423}.Release|x86.Build.0 = Release|x86
		{6948DF57-47C0-40C5-918A-4337EAC75423}.Release|Xbox 360.ActiveCfg = Release|x86
		{6948DF57-47C0-40C5-918A-4337EAC75423}.Release2|Any CPU.ActiveCfg = Release|x86
		{6948DF57-47C0-40C5-918A-4337EAC75423}.Release2|Any CPU.Build.0 = Release|x86
		{6948DF57-47C0-40C5-918A-4337EAC75423}.Release2|Itanium.ActiveCfg = Release|x86
		{6948DF57-47C0-40C5-918A-4337EAC75423}.Release2|Mixed Platforms.ActiveCfg = Release|x86
		{6948DF57-47C0-40C5-918A-4337EAC75423}.Release2|Mixed Platforms.Build.0 = Release|x86
		{6948DF57-47C0-40C5-918A-4337EAC75423}.Release2|x64.ActiveCfg = Release|x86
		{6948DF57-47C0-40C5-918A-4337EAC75423}.Release2|x64.Build.0 = Release|x86
		{6948DF57-47C0-40C5-918A-4337EAC75423}.Release2|x86.ActiveCfg = Release|x86
		{6948DF57-47C0-40C5-918A-4337EAC75423}.Release2|x86.Build.0 = Release|x86
		{6948DF57-47C0-40C5-918A-4337EAC75423}.Release2|Xbox 360.ActiveCfg = Release|x86
		{DC0EDF0F-1131-46C1-9F02-0ADDE4274B88}.Debug|Any CPU.ActiveCfg = Release|x86
		{DC0EDF0F-1131-46C1-9F02-0ADDE4274B88}.Debug|Any CPU.Build.0 = Release|x86
		{DC0EDF0F-1131-46C1-9F02-0ADDE4274B88}.Debug|Itanium.ActiveCfg = Debug|x86
		{DC0EDF0F-1131-46C1-9F02-0ADDE4274B88}.Debug|Mixed Platforms.ActiveCfg = Release|x86
		{DC0EDF0F-1131-46C1-9F02-0ADDE4274B88}.Debug|Mixed Platforms.Build.0 = Release|x86
		{DC0EDF0F-1131-46C1-9F02-0ADDE4274B88}.Debug|x64.ActiveCfg = Debug|x86
		{DC0EDF0F-1131-46C1-9F02-0ADDE4274B88}.Debug|x86.ActiveCfg = Debug|x86
		{DC0EDF0F-1131-46C1-9F02-0ADDE4274B88}.Debug|x86.Build.0 = Debug|x86
		{DC0EDF0F-1131-46C1-9F02-0ADDE4274B88}.Debug|Xbox 360.ActiveCfg = Debug|x86
		{DC0EDF0F-1131-46C1-9F02-0ADDE4274B88}.Release|Any CPU.ActiveCfg = Release|Any CPU
		{DC0EDF0F-1131-46C1-9F02-0ADDE4274B88}.Release|Any CPU.Build.0 = Release|Any CPU
		{DC0EDF0F-1131-46C1-9F02-0ADDE4274B88}.Release|Itanium.ActiveCfg = Release|x86
		{DC0EDF0F-1131-46C1-9F02-0ADDE4274B88}.Release|Mixed Platforms.ActiveCfg = Release|x86
		{DC0EDF0F-1131-46C1-9F02-0ADDE4274B88}.Release|Mixed Platforms.Build.0 = Release|x86
		{DC0EDF0F-1131-46C1-9F02-0ADDE4274B88}.Release|x64.ActiveCfg = Release|Any CPU
		{DC0EDF0F-1131-46C1-9F02-0ADDE4274B88}.Release|x64.Build.0 = Release|Any CPU
		{DC0EDF0F-1131-46C1-9F02-0ADDE4274B88}.Release|x86.ActiveCfg = Release|x86
		{DC0EDF0F-1131-46C1-9F02-0ADDE4274B88}.Release|x86.Build.0 = Release|x86
		{DC0EDF0F-1131-46C1-9F02-0ADDE4274B88}.Release|Xbox 360.ActiveCfg = Release|x86
		{DC0EDF0F-1131-46C1-9F02-0ADDE4274B88}.Release2|Any CPU.ActiveCfg = Release|x86
		{DC0EDF0F-1131-46C1-9F02-0ADDE4274B88}.Release2|Any CPU.Build.0 = Release|x86
		{DC0EDF0F-1131-46C1-9F02-0ADDE4274B88}.Release2|Itanium.ActiveCfg = Release|x86
		{DC0EDF0F-1131-46C1-9F02-0ADDE4274B88}.Release2|Mixed Platforms.ActiveCfg = Release|x86
		{DC0EDF0F-1131-46C1-9F02-0ADDE4274B88}.Release2|Mixed Platforms.Build.0 = Release|x86
		{DC0EDF0F-1131-46C1-9F02-0ADDE4274B88}.Release2|x64.ActiveCfg = Release|x86
		{DC0EDF0F-1131-46C1-9F02-0ADDE4274B88}.Release2|x86.ActiveCfg = Release|x86
		{DC0EDF0F-1131-46C1-9F02-0ADDE4274B88}.Release2|x86.Build.0 = Release|x86
		{DC0EDF0F-1131-46C1-9F02-0ADDE4274B88}.Release2|Xbox 360.ActiveCfg = Release|x86
		{958095C4-48D9-4AC0-9627-85E353FC7645}.Debug|Any CPU.ActiveCfg = Release|x86
		{958095C4-48D9-4AC0-9627-85E353FC7645}.Debug|Any CPU.Build.0 = Release|x86
		{958095C4-48D9-4AC0-9627-85E353FC7645}.Debug|Itanium.ActiveCfg = Debug|x86
		{958095C4-48D9-4AC0-9627-85E353FC7645}.Debug|Mixed Platforms.ActiveCfg = Release|x86
		{958095C4-48D9-4AC0-9627-85E353FC7645}.Debug|Mixed Platforms.Build.0 = Release|x86
		{958095C4-48D9-4AC0-9627-85E353FC7645}.Debug|x64.ActiveCfg = Debug|x86
		{958095C4-48D9-4AC0-9627-85E353FC7645}.Debug|x86.ActiveCfg = Debug|x86
		{958095C4-48D9-4AC0-9627-85E353FC7645}.Debug|x86.Build.0 = Debug|x86
		{958095C4-48D9-4AC0-9627-85E353FC7645}.Debug|Xbox 360.ActiveCfg = Debug|x86
		{958095C4-48D9-4AC0-9627-85E353FC7645}.Release|Any CPU.ActiveCfg = Release|Any CPU
		{958095C4-48D9-4AC0-9627-85E353FC7645}.Release|Any CPU.Build.0 = Release|Any CPU
		{958095C4-48D9-4AC0-9627-85E353FC7645}.Release|Itanium.ActiveCfg = Release|x86
		{958095C4-48D9-4AC0-9627-85E353FC7645}.Release|Mixed Platforms.ActiveCfg = Release|x86
		{958095C4-48D9-4AC0-9627-85E353FC7645}.Release|Mixed Platforms.Build.0 = Release|x86
		{958095C4-48D9-4AC0-9627-85E353FC7645}.Release|x64.ActiveCfg = Release|Any CPU
		{958095C4-48D9-4AC0-9627-85E353FC7645}.Release|x64.Build.0 = Release|Any CPU
		{958095C4-48D9-4AC0-9627-85E353FC7645}.Release|x86.ActiveCfg = Release|x86
		{958095C4-48D9-4AC0-9627-85E353FC7645}.Release|x86.Build.0 = Release|x86
		{958095C4-48D9-4AC0-9627-85E353FC7645}.Release|Xbox 360.ActiveCfg = Release|x86
		{958095C4-48D9-4AC0-9627-85E353FC7645}.Release2|Any CPU.ActiveCfg = Release|x86
		{958095C4-48D9-4AC0-9627-85E353FC7645}.Release2|Any CPU.Build.0 = Release|x86
		{958095C4-48D9-4AC0-9627-85E353FC7645}.Release2|Itanium.ActiveCfg = Release|x86
		{958095C4-48D9-4AC0-9627-85E353FC7645}.Release2|Mixed Platforms.ActiveCfg = Release|x86
		{958095C4-48D9-4AC0-9627-85E353FC7645}.Release2|Mixed Platforms.Build.0 = Release|x86
		{958095C4-48D9-4AC0-9627-85E353FC7645}.Release2|x64.ActiveCfg = Release|x86
		{958095C4-48D9-4AC0-9627-85E353FC7645}.Release2|x64.Build.0 = Release|x86
		{958095C4-48D9-4AC0-9627-85E353FC7645}.Release2|x86.ActiveCfg = Release|x86
		{958095C4-48D9-4AC0-9627-85E353FC7645}.Release2|x86.Build.0 = Release|x86
		{958095C4-48D9-4AC0-9627-85E353FC7645}.Release2|Xbox 360.ActiveCfg = Release|x86
		{5FA39EFD-2205-465F-B8E2-8B4CBA6B9F67}.Debug|Any CPU.ActiveCfg = Debug|x86
		{5FA39EFD-2205-465F-B8E2-8B4CBA6B9F67}.Debug|Itanium.ActiveCfg = Debug|x86
		{5FA39EFD-2205-465F-B8E2-8B4CBA6B9F67}.Debug|Mixed Platforms.ActiveCfg = Debug|x86
		{5FA39EFD-2205-465F-B8E2-8B4CBA6B9F67}.Debug|Mixed Platforms.Build.0 = Debug|x86
		{5FA39EFD-2205-465F-B8E2-8B4CBA6B9F67}.Debug|x64.ActiveCfg = Debug|x86
		{5FA39EFD-2205-465F-B8E2-8B4CBA6B9F67}.Debug|x86.ActiveCfg = Debug|x86
		{5FA39EFD-2205-465F-B8E2-8B4CBA6B9F67}.Debug|x86.Build.0 = Debug|x86
		{5FA39EFD-2205-465F-B8E2-8B4CBA6B9F67}.Debug|Xbox 360.ActiveCfg = Debug|x86
		{5FA39EFD-2205-465F-B8E2-8B4CBA6B9F67}.Release|Any CPU.ActiveCfg = Release|x86
		{5FA39EFD-2205-465F-B8E2-8B4CBA6B9F67}.Release|Itanium.ActiveCfg = Release|x86
		{5FA39EFD-2205-465F-B8E2-8B4CBA6B9F67}.Release|Mixed Platforms.ActiveCfg = Release|x86
		{5FA39EFD-2205-465F-B8E2-8B4CBA6B9F67}.Release|Mixed Platforms.Build.0 = Release|x86
		{5FA39EFD-2205-465F-B8E2-8B4CBA6B9F67}.Release|x64.ActiveCfg = Release|x86
		{5FA39EFD-2205-465F-B8E2-8B4CBA6B9F67}.Release|x86.ActiveCfg = Release|x86
		{5FA39EFD-2205-465F-B8E2-8B4CBA6B9F67}.Release|x86.Build.0 = Release|x86
		{5FA39EFD-2205-465F-B8E2-8B4CBA6B9F67}.Release|Xbox 360.ActiveCfg = Release|x86
		{5FA39EFD-2205-465F-B8E2-8B4CBA6B9F67}.Release2|Any CPU.ActiveCfg = Release|x86
		{5FA39EFD-2205-465F-B8E2-8B4CBA6B9F67}.Release2|Itanium.ActiveCfg = Release|x86
		{5FA39EFD-2205-465F-B8E2-8B4CBA6B9F67}.Release2|Mixed Platforms.ActiveCfg = Release|x86
		{5FA39EFD-2205-465F-B8E2-8B4CBA6B9F67}.Release2|Mixed Platforms.Build.0 = Release|x86
		{5FA39EFD-2205-465F-B8E2-8B4CBA6B9F67}.Release2|x64.ActiveCfg = Release|x86
		{5FA39EFD-2205-465F-B8E2-8B4CBA6B9F67}.Release2|x86.ActiveCfg = Release|x86
		{5FA39EFD-2205-465F-B8E2-8B4CBA6B9F67}.Release2|x86.Build.0 = Release|x86
		{5FA39EFD-2205-465F-B8E2-8B4CBA6B9F67}.Release2|Xbox 360.ActiveCfg = Release|x86
		{8E976F09-514C-4B0F-80E2-E4735A97A5DB}.Debug|Any CPU.ActiveCfg = Debug|x86
		{8E976F09-514C-4B0F-80E2-E4735A97A5DB}.Debug|Itanium.ActiveCfg = Debug|x86
		{8E976F09-514C-4B0F-80E2-E4735A97A5DB}.Debug|Mixed Platforms.ActiveCfg = Debug|x86
		{8E976F09-514C-4B0F-80E2-E4735A97A5DB}.Debug|x64.ActiveCfg = Debug|x86
		{8E976F09-514C-4B0F-80E2-E4735A97A5DB}.Debug|x86.ActiveCfg = Debug|x86
		{8E976F09-514C-4B0F-80E2-E4735A97A5DB}.Debug|Xbox 360.ActiveCfg = Debug|x86
		{8E976F09-514C-4B0F-80E2-E4735A97A5DB}.Release|Any CPU.ActiveCfg = Release|x86
		{8E976F09-514C-4B0F-80E2-E4735A97A5DB}.Release|Itanium.ActiveCfg = Release|x86
		{8E976F09-514C-4B0F-80E2-E4735A97A5DB}.Release|Mixed Platforms.ActiveCfg = Release|x86
		{8E976F09-514C-4B0F-80E2-E4735A97A5DB}.Release|x64.ActiveCfg = Release|x86
		{8E976F09-514C-4B0F-80E2-E4735A97A5DB}.Release|x86.ActiveCfg = Release|x86
		{8E976F09-514C-4B0F-80E2-E4735A97A5DB}.Release|Xbox 360.ActiveCfg = Release|x86
		{8E976F09-514C-4B0F-80E2-E4735A97A5DB}.Release2|Any CPU.ActiveCfg = Release|x86
		{8E976F09-514C-4B0F-80E2-E4735A97A5DB}.Release2|Itanium.ActiveCfg = Release|x86
		{8E976F09-514C-4B0F-80E2-E4735A97A5DB}.Release2|Mixed Platforms.ActiveCfg = Release|x86
		{8E976F09-514C-4B0F-80E2-E4735A97A5DB}.Release2|x64.ActiveCfg = Release|x86
		{8E976F09-514C-4B0F-80E2-E4735A97A5DB}.Release2|x86.ActiveCfg = Release|x86
		{8E976F09-514C-4B0F-80E2-E4735A97A5DB}.Release2|Xbox 360.ActiveCfg = Release|x86
		{7361C8BD-7F0A-4EAA-89D2-954F5F26346B}.Debug|Any CPU.ActiveCfg = Debug|Any CPU
		{7361C8BD-7F0A-4EAA-89D2-954F5F26346B}.Debug|Any CPU.Build.0 = Debug|Any CPU
		{7361C8BD-7F0A-4EAA-89D2-954F5F26346B}.Debug|Itanium.ActiveCfg = Debug|Any CPU
		{7361C8BD-7F0A-4EAA-89D2-954F5F26346B}.Debug|Mixed Platforms.ActiveCfg = Debug|Any CPU
		{7361C8BD-7F0A-4EAA-89D2-954F5F26346B}.Debug|Mixed Platforms.Build.0 = Debug|Any CPU
		{7361C8BD-7F0A-4EAA-89D2-954F5F26346B}.Debug|x64.ActiveCfg = Debug|Any CPU
		{7361C8BD-7F0A-4EAA-89D2-954F5F26346B}.Debug|x86.ActiveCfg = Debug|Any CPU
		{7361C8BD-7F0A-4EAA-89D2-954F5F26346B}.Debug|Xbox 360.ActiveCfg = Debug|Any CPU
		{7361C8BD-7F0A-4EAA-89D2-954F5F26346B}.Release|Any CPU.ActiveCfg = Release|Any CPU
		{7361C8BD-7F0A-4EAA-89D2-954F5F26346B}.Release|Any CPU.Build.0 = Release|Any CPU
		{7361C8BD-7F0A-4EAA-89D2-954F5F26346B}.Release|Itanium.ActiveCfg = Release|Any CPU
		{7361C8BD-7F0A-4EAA-89D2-954F5F26346B}.Release|Mixed Platforms.ActiveCfg = Release|Any CPU
		{7361C8BD-7F0A-4EAA-89D2-954F5F26346B}.Release|Mixed Platforms.Build.0 = Release|Any CPU
		{7361C8BD-7F0A-4EAA-89D2-954F5F26346B}.Release|x64.ActiveCfg = Release|Any CPU
		{7361C8BD-7F0A-4EAA-89D2-954F5F26346B}.Release|x86.ActiveCfg = Release|Any CPU
		{7361C8BD-7F0A-4EAA-89D2-954F5F26346B}.Release|Xbox 360.ActiveCfg = Release|Any CPU
		{7361C8BD-7F0A-4EAA-89D2-954F5F26346B}.Release2|Any CPU.ActiveCfg = Release|Any CPU
		{7361C8BD-7F0A-4EAA-89D2-954F5F26346B}.Release2|Any CPU.Build.0 = Release|Any CPU
		{7361C8BD-7F0A-4EAA-89D2-954F5F26346B}.Release2|Itanium.ActiveCfg = Release|Any CPU
		{7361C8BD-7F0A-4EAA-89D2-954F5F26346B}.Release2|Mixed Platforms.ActiveCfg = Release|Any CPU
		{7361C8BD-7F0A-4EAA-89D2-954F5F26346B}.Release2|Mixed Platforms.Build.0 = Release|Any CPU
		{7361C8BD-7F0A-4EAA-89D2-954F5F26346B}.Release2|x64.ActiveCfg = Release|Any CPU
		{7361C8BD-7F0A-4EAA-89D2-954F5F26346B}.Release2|x86.ActiveCfg = Release|Any CPU
		{7361C8BD-7F0A-4EAA-89D2-954F5F26346B}.Release2|Xbox 360.ActiveCfg = Release|Any CPU
		{CB3579E4-DC88-46B8-9275-98C6A97FBF24}.Debug|Any CPU.ActiveCfg = Debug|Any CPU
		{CB3579E4-DC88-46B8-9275-98C6A97FBF24}.Debug|Any CPU.Build.0 = Debug|Any CPU
		{CB3579E4-DC88-46B8-9275-98C6A97FBF24}.Debug|Itanium.ActiveCfg = Debug|Any CPU
		{CB3579E4-DC88-46B8-9275-98C6A97FBF24}.Debug|Mixed Platforms.ActiveCfg = Debug|Any CPU
		{CB3579E4-DC88-46B8-9275-98C6A97FBF24}.Debug|Mixed Platforms.Build.0 = Debug|Any CPU
		{CB3579E4-DC88-46B8-9275-98C6A97FBF24}.Debug|x64.ActiveCfg = Debug|Any CPU
		{CB3579E4-DC88-46B8-9275-98C6A97FBF24}.Debug|x86.ActiveCfg = Debug|Any CPU
		{CB3579E4-DC88-46B8-9275-98C6A97FBF24}.Debug|Xbox 360.ActiveCfg = Debug|Any CPU
		{CB3579E4-DC88-46B8-9275-98C6A97FBF24}.Release|Any CPU.ActiveCfg = Release|Any CPU
		{CB3579E4-DC88-46B8-9275-98C6A97FBF24}.Release|Any CPU.Build.0 = Release|Any CPU
		{CB3579E4-DC88-46B8-9275-98C6A97FBF24}.Release|Itanium.ActiveCfg = Release|Any CPU
		{CB3579E4-DC88-46B8-9275-98C6A97FBF24}.Release|Mixed Platforms.ActiveCfg = Release|Any CPU
		{CB3579E4-DC88-46B8-9275-98C6A97FBF24}.Release|Mixed Platforms.Build.0 = Release|Any CPU
		{CB3579E4-DC88-46B8-9275-98C6A97FBF24}.Release|x64.ActiveCfg = Release|Any CPU
		{CB3579E4-DC88-46B8-9275-98C6A97FBF24}.Release|x86.ActiveCfg = Release|Any CPU
		{CB3579E4-DC88-46B8-9275-98C6A97FBF24}.Release|Xbox 360.ActiveCfg = Release|Any CPU
		{CB3579E4-DC88-46B8-9275-98C6A97FBF24}.Release2|Any CPU.ActiveCfg = Release|Any CPU
		{CB3579E4-DC88-46B8-9275-98C6A97FBF24}.Release2|Any CPU.Build.0 = Release|Any CPU
		{CB3579E4-DC88-46B8-9275-98C6A97FBF24}.Release2|Itanium.ActiveCfg = Release|Any CPU
		{CB3579E4-DC88-46B8-9275-98C6A97FBF24}.Release2|Mixed Platforms.ActiveCfg = Release|Any CPU
		{CB3579E4-DC88-46B8-9275-98C6A97FBF24}.Release2|Mixed Platforms.Build.0 = Release|Any CPU
		{CB3579E4-DC88-46B8-9275-98C6A97FBF24}.Release2|x64.ActiveCfg = Release|Any CPU
		{CB3579E4-DC88-46B8-9275-98C6A97FBF24}.Release2|x86.ActiveCfg = Release|Any CPU
		{CB3579E4-DC88-46B8-9275-98C6A97FBF24}.Release2|Xbox 360.ActiveCfg = Release|Any CPU
	EndGlobalSection
	GlobalSection(SolutionProperties) = preSolution
		HideSolutionNode = FALSE
	EndGlobalSection
	GlobalSection(NestedProjects) = preSolution
		{6F0205DE-09D2-4807-8CB8-31821D73DA67} = {CA26FDE6-6804-41BF-862C-6B5F408D968A}
		{6948DF57-47C0-40C5-918A-4337EAC75423} = {CA26FDE6-6804-41BF-862C-6B5F408D968A}
		{958095C4-48D9-4AC0-9627-85E353FC7645} = {CA26FDE6-6804-41BF-862C-6B5F408D968A}
		{5FA39EFD-2205-465F-B8E2-8B4CBA6B9F67} = {CA26FDE6-6804-41BF-862C-6B5F408D968A}
		{8E976F09-514C-4B0F-80E2-E4735A97A5DB} = {CA26FDE6-6804-41BF-862C-6B5F408D968A}
		{CE1ACFEE-63C2-4513-9ED6-71BCA685F457} = {CA26FDE6-6804-41BF-862C-6B5F408D968A}
		{CB3579E4-DC88-46B8-9275-98C6A97FBF24} = {0E198CD0-66D5-41F0-9E93-61360C2B37D1}
		{7361C8BD-7F0A-4EAA-89D2-954F5F26346B} = {0E198CD0-66D5-41F0-9E93-61360C2B37D1}
	EndGlobalSection
EndGlobal
