
Microsoft Visual Studio Solution File, Format Version 11.00
# Visual Studio 2010
Project("{FAE04EC0-301F-11D3-BF4B-00C04F79EFBC}") = "targeting", "targeting\targeting\targeting.csproj", "{5FA39EFD-2205-465F-B8E2-8B4CBA6B9F67}"
EndProject
Project("{96E2B04D-8817-42C6-938A-82C39BA4D311}") = "targetingContent", "targeting\targetingContent\targetingContent.contentproj", "{8E976F09-514C-4B0F-80E2-E4735A97A5DB}"
EndProject
Global
	GlobalSection(SolutionConfigurationPlatforms) = preSolution
		Debug|x86 = Debug|x86
		Release|x86 = Release|x86
	EndGlobalSection
	GlobalSection(ProjectConfigurationPlatforms) = postSolution
		{5FA39EFD-2205-465F-B8E2-8B4CBA6B9F67}.Debug|x86.ActiveCfg = Debug|x86
		{5FA39EFD-2205-465F-B8E2-8B4CBA6B9F67}.Debug|x86.Build.0 = Debug|x86
		{5FA39EFD-2205-465F-B8E2-8B4CBA6B9F67}.Release|x86.ActiveCfg = Release|x86
		{5FA39EFD-2205-465F-B8E2-8B4CBA6B9F67}.Release|x86.Build.0 = Release|x86
		{8E976F09-514C-4B0F-80E2-E4735A97A5DB}.Debug|x86.ActiveCfg = Debug|x86
		{8E976F09-514C-4B0F-80E2-E4735A97A5DB}.Release|x86.ActiveCfg = Release|x86
	EndGlobalSection
	GlobalSection(SolutionProperties) = preSolution
		HideSolutionNode = FALSE
	EndGlobalSection
EndGlobal
